
Microsoft Visual Studio Solution File, Format Version 12.00
# Visual Studio Version 17
VisualStudioVersion = 17.0.31903.59
MinimumVisualStudioVersion = 10.0.40219.1
Project("{FAE04EC0-301F-11D3-BF4B-00C04F79EFBC}") = "API", "API\API.csproj", "{942C7BC1-AC3A-4C6D-9DB9-D73223813EFB}"
EndProject
Global
	GlobalSection(SolutionConfigurationPlatforms) = preSolution
		Debug|Any CPU = Debug|Any CPU
		Release|Any CPU = Release|Any CPU
	EndGlobalSection
	GlobalSection(SolutionProperties) = preSolution
		HideSolutionNode = FALSE
	EndGlobalSection
	GlobalSection(ProjectConfigurationPlatforms) = postSolution
		{942C7BC1-AC3A-4C6D-9DB9-D73223813EFB}.Debug|Any CPU.ActiveCfg = Debug|Any CPU
		{942C7BC1-AC3A-4C6D-9DB9-D73223813EFB}.Debug|Any CPU.Build.0 = Debug|Any CPU
		{942C7BC1-AC3A-4C6D-9DB9-D73223813EFB}.Release|Any CPU.ActiveCfg = Release|Any CPU
		{942C7BC1-AC3A-4C6D-9DB9-D73223813EFB}.Release|Any CPU.Build.0 = Release|Any CPU
	EndGlobalSection
EndGlobal
